// !$*UTF8*$!
{
	archiveVersion = 1;
	classes = {
	};
	objectVersion = 50;
	objects = {

/* Begin PBXBuildFile section */
		3DCD8CA331B044D2C5E96CC3 /* Pods_IcmpType0Tests.framework in Frameworks */ = {isa = PBXBuildFile; fileRef = 6415F241F28849D2FA42B696 /* Pods_IcmpType0Tests.framework */; };
		6F871A9C68DD3B45638C940D /* Pods_IcmpType0.framework in Frameworks */ = {isa = PBXBuildFile; fileRef = 257C7D4946180CB6B1FCC8F0 /* Pods_IcmpType0.framework */; };
		CE2B08A12100E2A9004D7D0B /* AppDelegate.swift in Sources */ = {isa = PBXBuildFile; fileRef = CE2B08A02100E2A9004D7D0B /* AppDelegate.swift */; };
		CE2B08A62100E2A9004D7D0B /* Main.storyboard in Resources */ = {isa = PBXBuildFile; fileRef = CE2B08A42100E2A9004D7D0B /* Main.storyboard */; };
		CE2B08A82100E2AC004D7D0B /* Assets.xcassets in Resources */ = {isa = PBXBuildFile; fileRef = CE2B08A72100E2AC004D7D0B /* Assets.xcassets */; };
		CE2B08AB2100E2AC004D7D0B /* LaunchScreen.storyboard in Resources */ = {isa = PBXBuildFile; fileRef = CE2B08A92100E2AC004D7D0B /* LaunchScreen.storyboard */; };
		CE2B08B62100E2AC004D7D0B /* IcmpType0Tests.swift in Sources */ = {isa = PBXBuildFile; fileRef = CE2B08B52100E2AC004D7D0B /* IcmpType0Tests.swift */; };
		CE2B08C52100E32C004D7D0B /* ITLandingMainViewController.swift in Sources */ = {isa = PBXBuildFile; fileRef = CE2B08C42100E32C004D7D0B /* ITLandingMainViewController.swift */; };
		CE2B08C72100E346004D7D0B /* ITConversationViewController.swift in Sources */ = {isa = PBXBuildFile; fileRef = CE2B08C62100E346004D7D0B /* ITConversationViewController.swift */; };
		CE2B08CB2100E37D004D7D0B /* ITConversationPresenter.swift in Sources */ = {isa = PBXBuildFile; fileRef = CE2B08CA2100E37D004D7D0B /* ITConversationPresenter.swift */; };
		CE2B08CD2100E392004D7D0B /* ITConversationPresenterProtocol.swift in Sources */ = {isa = PBXBuildFile; fileRef = CE2B08CC2100E392004D7D0B /* ITConversationPresenterProtocol.swift */; };
		CE2B08CF2100E3B0004D7D0B /* ITLandingMainViewPresenterProtocol.swift in Sources */ = {isa = PBXBuildFile; fileRef = CE2B08CE2100E3B0004D7D0B /* ITLandingMainViewPresenterProtocol.swift */; };
		CE2B08D12100E3BC004D7D0B /* ITLandingMainViewPresenter.swift in Sources */ = {isa = PBXBuildFile; fileRef = CE2B08D02100E3BC004D7D0B /* ITLandingMainViewPresenter.swift */; };
		CE2B08D32100E493004D7D0B /* ITLandingMainViewControllerProtocol.swift in Sources */ = {isa = PBXBuildFile; fileRef = CE2B08D22100E493004D7D0B /* ITLandingMainViewControllerProtocol.swift */; };
		CE2B08D52100E4C6004D7D0B /* ITConversationViewControllerProtocol.swift in Sources */ = {isa = PBXBuildFile; fileRef = CE2B08D42100E4C6004D7D0B /* ITConversationViewControllerProtocol.swift */; };
		CE2B08D82100E4F3004D7D0B /* ITUtils.swift in Sources */ = {isa = PBXBuildFile; fileRef = CE2B08D72100E4F3004D7D0B /* ITUtils.swift */; };
		CE2B08DA21012AA0004D7D0B /* ITLandingMainTableViewCell.swift in Sources */ = {isa = PBXBuildFile; fileRef = CE2B08D921012AA0004D7D0B /* ITLandingMainTableViewCell.swift */; };
		CE5514062106629300B1A6C4 /* ITMessagingService.swift in Sources */ = {isa = PBXBuildFile; fileRef = CE5514052106629300B1A6C4 /* ITMessagingService.swift */; };
		CE55140E2106632C00B1A6C4 /* ITMessagingProviderProtocol.swift in Sources */ = {isa = PBXBuildFile; fileRef = CE55140D2106632C00B1A6C4 /* ITMessagingProviderProtocol.swift */; };
		CE5514102106633B00B1A6C4 /* ITMessagingServiceProtocol.swift in Sources */ = {isa = PBXBuildFile; fileRef = CE55140F2106633B00B1A6C4 /* ITMessagingServiceProtocol.swift */; };
		CE5514122106652A00B1A6C4 /* ITMessagingMockProvider.swift in Sources */ = {isa = PBXBuildFile; fileRef = CE5514112106652A00B1A6C4 /* ITMessagingMockProvider.swift */; };
		CE5514142106901500B1A6C4 /* ITWebBrowserViewController.swift in Sources */ = {isa = PBXBuildFile; fileRef = CE5514132106901500B1A6C4 /* ITWebBrowserViewController.swift */; };
		CE5514162106946D00B1A6C4 /* ITTextMessageDetailsViewController.swift in Sources */ = {isa = PBXBuildFile; fileRef = CE5514152106946D00B1A6C4 /* ITTextMessageDetailsViewController.swift */; };
		CE5514182106A56200B1A6C4 /* Chat.swift in Sources */ = {isa = PBXBuildFile; fileRef = CE5514172106A56200B1A6C4 /* Chat.swift */; };
		CE86E1E02109211F004CC330 /* ITStringAnalyzer.swift in Sources */ = {isa = PBXBuildFile; fileRef = CE86E1DF2109211F004CC330 /* ITStringAnalyzer.swift */; };
		CE86E1E521092F5B004CC330 /* ITImageDetailsViewController.swift in Sources */ = {isa = PBXBuildFile; fileRef = CE86E1E421092F5B004CC330 /* ITImageDetailsViewController.swift */; };
		CEA253BA210A219B008D12BA /* ITNotifications.swift in Sources */ = {isa = PBXBuildFile; fileRef = CEA253B9210A219B008D12BA /* ITNotifications.swift */; };
		CEC42B6D2105438300EBD862 /* Message.swift in Sources */ = {isa = PBXBuildFile; fileRef = CEC42B6C2105438300EBD862 /* Message.swift */; };
/* End PBXBuildFile section */

/* Begin PBXContainerItemProxy section */
		CE2B08B22100E2AC004D7D0B /* PBXContainerItemProxy */ = {
			isa = PBXContainerItemProxy;
			containerPortal = CE2B08952100E2A9004D7D0B /* Project object */;
			proxyType = 1;
			remoteGlobalIDString = CE2B089C2100E2A9004D7D0B;
			remoteInfo = IcmpType0;
		};
/* End PBXContainerItemProxy section */

/* Begin PBXFileReference section */
		257C7D4946180CB6B1FCC8F0 /* Pods_IcmpType0.framework */ = {isa = PBXFileReference; explicitFileType = wrapper.framework; includeInIndex = 0; path = Pods_IcmpType0.framework; sourceTree = BUILT_PRODUCTS_DIR; };
		32A8CB93C37C23C514F8A88E /* Pods-IcmpType0.release.xcconfig */ = {isa = PBXFileReference; includeInIndex = 1; lastKnownFileType = text.xcconfig; name = "Pods-IcmpType0.release.xcconfig"; path = "Pods/Target Support Files/Pods-IcmpType0/Pods-IcmpType0.release.xcconfig"; sourceTree = "<group>"; };
		3786BD8F8A455D981E886938 /* Pods-IcmpType0Tests.debug.xcconfig */ = {isa = PBXFileReference; includeInIndex = 1; lastKnownFileType = text.xcconfig; name = "Pods-IcmpType0Tests.debug.xcconfig"; path = "Pods/Target Support Files/Pods-IcmpType0Tests/Pods-IcmpType0Tests.debug.xcconfig"; sourceTree = "<group>"; };
		5C2F5FEB9C0FB4A04ABC9ECD /* Pods-IcmpType0Tests.release.xcconfig */ = {isa = PBXFileReference; includeInIndex = 1; lastKnownFileType = text.xcconfig; name = "Pods-IcmpType0Tests.release.xcconfig"; path = "Pods/Target Support Files/Pods-IcmpType0Tests/Pods-IcmpType0Tests.release.xcconfig"; sourceTree = "<group>"; };
		6415F241F28849D2FA42B696 /* Pods_IcmpType0Tests.framework */ = {isa = PBXFileReference; explicitFileType = wrapper.framework; includeInIndex = 0; path = Pods_IcmpType0Tests.framework; sourceTree = BUILT_PRODUCTS_DIR; };
		9F9C1AEFD3700C2458CAF5E9 /* Pods-IcmpType0.debug.xcconfig */ = {isa = PBXFileReference; includeInIndex = 1; lastKnownFileType = text.xcconfig; name = "Pods-IcmpType0.debug.xcconfig"; path = "Pods/Target Support Files/Pods-IcmpType0/Pods-IcmpType0.debug.xcconfig"; sourceTree = "<group>"; };
		CE2B089D2100E2A9004D7D0B /* IcmpType0.app */ = {isa = PBXFileReference; explicitFileType = wrapper.application; includeInIndex = 0; path = IcmpType0.app; sourceTree = BUILT_PRODUCTS_DIR; };
		CE2B08A02100E2A9004D7D0B /* AppDelegate.swift */ = {isa = PBXFileReference; lastKnownFileType = sourcecode.swift; path = AppDelegate.swift; sourceTree = "<group>"; };
		CE2B08A52100E2A9004D7D0B /* Base */ = {isa = PBXFileReference; lastKnownFileType = file.storyboard; name = Base; path = Base.lproj/Main.storyboard; sourceTree = "<group>"; };
		CE2B08A72100E2AC004D7D0B /* Assets.xcassets */ = {isa = PBXFileReference; lastKnownFileType = folder.assetcatalog; path = Assets.xcassets; sourceTree = "<group>"; };
		CE2B08AA2100E2AC004D7D0B /* Base */ = {isa = PBXFileReference; lastKnownFileType = file.storyboard; name = Base; path = Base.lproj/LaunchScreen.storyboard; sourceTree = "<group>"; };
		CE2B08AC2100E2AC004D7D0B /* Info.plist */ = {isa = PBXFileReference; lastKnownFileType = text.plist.xml; path = Info.plist; sourceTree = "<group>"; };
		CE2B08B12100E2AC004D7D0B /* IcmpType0Tests.xctest */ = {isa = PBXFileReference; explicitFileType = wrapper.cfbundle; includeInIndex = 0; path = IcmpType0Tests.xctest; sourceTree = BUILT_PRODUCTS_DIR; };
		CE2B08B52100E2AC004D7D0B /* IcmpType0Tests.swift */ = {isa = PBXFileReference; lastKnownFileType = sourcecode.swift; path = IcmpType0Tests.swift; sourceTree = "<group>"; };
		CE2B08B72100E2AC004D7D0B /* Info.plist */ = {isa = PBXFileReference; lastKnownFileType = text.plist.xml; path = Info.plist; sourceTree = "<group>"; };
		CE2B08C42100E32C004D7D0B /* ITLandingMainViewController.swift */ = {isa = PBXFileReference; lastKnownFileType = sourcecode.swift; path = ITLandingMainViewController.swift; sourceTree = "<group>"; };
		CE2B08C62100E346004D7D0B /* ITConversationViewController.swift */ = {isa = PBXFileReference; lastKnownFileType = sourcecode.swift; path = ITConversationViewController.swift; sourceTree = "<group>"; };
		CE2B08CA2100E37D004D7D0B /* ITConversationPresenter.swift */ = {isa = PBXFileReference; lastKnownFileType = sourcecode.swift; path = ITConversationPresenter.swift; sourceTree = "<group>"; };
		CE2B08CC2100E392004D7D0B /* ITConversationPresenterProtocol.swift */ = {isa = PBXFileReference; lastKnownFileType = sourcecode.swift; path = ITConversationPresenterProtocol.swift; sourceTree = "<group>"; };
		CE2B08CE2100E3B0004D7D0B /* ITLandingMainViewPresenterProtocol.swift */ = {isa = PBXFileReference; lastKnownFileType = sourcecode.swift; path = ITLandingMainViewPresenterProtocol.swift; sourceTree = "<group>"; };
		CE2B08D02100E3BC004D7D0B /* ITLandingMainViewPresenter.swift */ = {isa = PBXFileReference; lastKnownFileType = sourcecode.swift; path = ITLandingMainViewPresenter.swift; sourceTree = "<group>"; };
		CE2B08D22100E493004D7D0B /* ITLandingMainViewControllerProtocol.swift */ = {isa = PBXFileReference; lastKnownFileType = sourcecode.swift; path = ITLandingMainViewControllerProtocol.swift; sourceTree = "<group>"; };
		CE2B08D42100E4C6004D7D0B /* ITConversationViewControllerProtocol.swift */ = {isa = PBXFileReference; lastKnownFileType = sourcecode.swift; path = ITConversationViewControllerProtocol.swift; sourceTree = "<group>"; };
		CE2B08D72100E4F3004D7D0B /* ITUtils.swift */ = {isa = PBXFileReference; lastKnownFileType = sourcecode.swift; path = ITUtils.swift; sourceTree = "<group>"; };
		CE2B08D921012AA0004D7D0B /* ITLandingMainTableViewCell.swift */ = {isa = PBXFileReference; lastKnownFileType = sourcecode.swift; path = ITLandingMainTableViewCell.swift; sourceTree = "<group>"; };
		CE5514052106629300B1A6C4 /* ITMessagingService.swift */ = {isa = PBXFileReference; lastKnownFileType = sourcecode.swift; path = ITMessagingService.swift; sourceTree = "<group>"; };
		CE55140D2106632C00B1A6C4 /* ITMessagingProviderProtocol.swift */ = {isa = PBXFileReference; lastKnownFileType = sourcecode.swift; path = ITMessagingProviderProtocol.swift; sourceTree = "<group>"; };
		CE55140F2106633B00B1A6C4 /* ITMessagingServiceProtocol.swift */ = {isa = PBXFileReference; lastKnownFileType = sourcecode.swift; path = ITMessagingServiceProtocol.swift; sourceTree = "<group>"; };
		CE5514112106652A00B1A6C4 /* ITMessagingMockProvider.swift */ = {isa = PBXFileReference; lastKnownFileType = sourcecode.swift; path = ITMessagingMockProvider.swift; sourceTree = "<group>"; };
		CE5514132106901500B1A6C4 /* ITWebBrowserViewController.swift */ = {isa = PBXFileReference; lastKnownFileType = sourcecode.swift; path = ITWebBrowserViewController.swift; sourceTree = "<group>"; };
		CE5514152106946D00B1A6C4 /* ITTextMessageDetailsViewController.swift */ = {isa = PBXFileReference; lastKnownFileType = sourcecode.swift; path = ITTextMessageDetailsViewController.swift; sourceTree = "<group>"; };
		CE5514172106A56200B1A6C4 /* Chat.swift */ = {isa = PBXFileReference; lastKnownFileType = sourcecode.swift; path = Chat.swift; sourceTree = "<group>"; };
		CE86E1DF2109211F004CC330 /* ITStringAnalyzer.swift */ = {isa = PBXFileReference; lastKnownFileType = sourcecode.swift; path = ITStringAnalyzer.swift; sourceTree = "<group>"; };
		CE86E1E421092F5B004CC330 /* ITImageDetailsViewController.swift */ = {isa = PBXFileReference; lastKnownFileType = sourcecode.swift; path = ITImageDetailsViewController.swift; sourceTree = "<group>"; };
		CEA253B9210A219B008D12BA /* ITNotifications.swift */ = {isa = PBXFileReference; lastKnownFileType = sourcecode.swift; path = ITNotifications.swift; sourceTree = "<group>"; };
		CEC42B6C2105438300EBD862 /* Message.swift */ = {isa = PBXFileReference; lastKnownFileType = sourcecode.swift; path = Message.swift; sourceTree = "<group>"; };
/* End PBXFileReference section */

/* Begin PBXFrameworksBuildPhase section */
		CE2B089A2100E2A9004D7D0B /* Frameworks */ = {
			isa = PBXFrameworksBuildPhase;
			buildActionMask = 2147483647;
			files = (
				6F871A9C68DD3B45638C940D /* Pods_IcmpType0.framework in Frameworks */,
			);
			runOnlyForDeploymentPostprocessing = 0;
		};
		CE2B08AE2100E2AC004D7D0B /* Frameworks */ = {
			isa = PBXFrameworksBuildPhase;
			buildActionMask = 2147483647;
			files = (
				3DCD8CA331B044D2C5E96CC3 /* Pods_IcmpType0Tests.framework in Frameworks */,
			);
			runOnlyForDeploymentPostprocessing = 0;
		};
/* End PBXFrameworksBuildPhase section */

/* Begin PBXGroup section */
		2974285788FB14EE8AB5D3CF /* Pods */ = {
			isa = PBXGroup;
			children = (
				9F9C1AEFD3700C2458CAF5E9 /* Pods-IcmpType0.debug.xcconfig */,
				32A8CB93C37C23C514F8A88E /* Pods-IcmpType0.release.xcconfig */,
				3786BD8F8A455D981E886938 /* Pods-IcmpType0Tests.debug.xcconfig */,
				5C2F5FEB9C0FB4A04ABC9ECD /* Pods-IcmpType0Tests.release.xcconfig */,
			);
			name = Pods;
			sourceTree = "<group>";
		};
		8FF308F304A0B3038CBA08CD /* Frameworks */ = {
			isa = PBXGroup;
			children = (
				257C7D4946180CB6B1FCC8F0 /* Pods_IcmpType0.framework */,
				6415F241F28849D2FA42B696 /* Pods_IcmpType0Tests.framework */,
			);
			name = Frameworks;
			sourceTree = "<group>";
		};
		CE2B08942100E2A9004D7D0B = {
			isa = PBXGroup;
			children = (
				CE2B089F2100E2A9004D7D0B /* IcmpType0 */,
				CE2B08B42100E2AC004D7D0B /* IcmpType0Tests */,
				CE2B089E2100E2A9004D7D0B /* Products */,
				2974285788FB14EE8AB5D3CF /* Pods */,
				8FF308F304A0B3038CBA08CD /* Frameworks */,
			);
			sourceTree = "<group>";
		};
		CE2B089E2100E2A9004D7D0B /* Products */ = {
			isa = PBXGroup;
			children = (
				CE2B089D2100E2A9004D7D0B /* IcmpType0.app */,
				CE2B08B12100E2AC004D7D0B /* IcmpType0Tests.xctest */,
			);
			name = Products;
			sourceTree = "<group>";
		};
		CE2B089F2100E2A9004D7D0B /* IcmpType0 */ = {
			isa = PBXGroup;
			children = (
				CEC42B6B2105437600EBD862 /* Model */,
				CE2B08C32100E2F6004D7D0B /* View */,
				CE2B08C22100E2EC004D7D0B /* Presenter */,
				CE2B08D62100E4DF004D7D0B /* Utils */,
				CE2B08C02100E2D0004D7D0B /* Supporting Files */,
			);
			path = IcmpType0;
			sourceTree = "<group>";
		};
		CE2B08B42100E2AC004D7D0B /* IcmpType0Tests */ = {
			isa = PBXGroup;
			children = (
				CE2B08B52100E2AC004D7D0B /* IcmpType0Tests.swift */,
				CE2B08B72100E2AC004D7D0B /* Info.plist */,
			);
			path = IcmpType0Tests;
			sourceTree = "<group>";
		};
		CE2B08C02100E2D0004D7D0B /* Supporting Files */ = {
			isa = PBXGroup;
			children = (
				CE2B08A02100E2A9004D7D0B /* AppDelegate.swift */,
				CE2B08A42100E2A9004D7D0B /* Main.storyboard */,
				CE2B08A72100E2AC004D7D0B /* Assets.xcassets */,
				CE2B08A92100E2AC004D7D0B /* LaunchScreen.storyboard */,
				CE2B08AC2100E2AC004D7D0B /* Info.plist */,
			);
			path = "Supporting Files";
			sourceTree = "<group>";
		};
		CE2B08C22100E2EC004D7D0B /* Presenter */ = {
			isa = PBXGroup;
			children = (
				CE2B08C92100E353004D7D0B /* Protocols */,
				CE2B08CA2100E37D004D7D0B /* ITConversationPresenter.swift */,
				CE2B08D02100E3BC004D7D0B /* ITLandingMainViewPresenter.swift */,
			);
			path = Presenter;
			sourceTree = "<group>";
		};
		CE2B08C32100E2F6004D7D0B /* View */ = {
			isa = PBXGroup;
			children = (
				CE2B08C82100E34C004D7D0B /* Protocols */,
				CE2B08C42100E32C004D7D0B /* ITLandingMainViewController.swift */,
				CE2B08C62100E346004D7D0B /* ITConversationViewController.swift */,
				CE2B08D921012AA0004D7D0B /* ITLandingMainTableViewCell.swift */,
				CE5514152106946D00B1A6C4 /* ITTextMessageDetailsViewController.swift */,
				CE5514132106901500B1A6C4 /* ITWebBrowserViewController.swift */,
				CE86E1E421092F5B004CC330 /* ITImageDetailsViewController.swift */,
			);
			path = View;
			sourceTree = "<group>";
		};
		CE2B08C82100E34C004D7D0B /* Protocols */ = {
			isa = PBXGroup;
			children = (
				CE2B08D22100E493004D7D0B /* ITLandingMainViewControllerProtocol.swift */,
				CE2B08D42100E4C6004D7D0B /* ITConversationViewControllerProtocol.swift */,
			);
			path = Protocols;
			sourceTree = "<group>";
		};
		CE2B08C92100E353004D7D0B /* Protocols */ = {
			isa = PBXGroup;
			children = (
				CE2B08CC2100E392004D7D0B /* ITConversationPresenterProtocol.swift */,
				CE2B08CE2100E3B0004D7D0B /* ITLandingMainViewPresenterProtocol.swift */,
			);
			path = Protocols;
			sourceTree = "<group>";
		};
		CE2B08D62100E4DF004D7D0B /* Utils */ = {
			isa = PBXGroup;
			children = (
				CE2B08D72100E4F3004D7D0B /* ITUtils.swift */,
				CE86E1DF2109211F004CC330 /* ITStringAnalyzer.swift */,
				CEA253B9210A219B008D12BA /* ITNotifications.swift */,
			);
			path = Utils;
			sourceTree = "<group>";
		};
		CE551409210662E000B1A6C4 /* Service */ = {
			isa = PBXGroup;
			children = (
				CE5514052106629300B1A6C4 /* ITMessagingService.swift */,
				CE55140C2106630800B1A6C4 /* ServiceProtocol */,
			);
			path = Service;
			sourceTree = "<group>";
		};
		CE55140A210662E700B1A6C4 /* Provider */ = {
			isa = PBXGroup;
			children = (
				CE5514112106652A00B1A6C4 /* ITMessagingMockProvider.swift */,
				CE55140B210662EF00B1A6C4 /* ProviderProtocol */,
			);
			path = Provider;
			sourceTree = "<group>";
		};
		CE55140B210662EF00B1A6C4 /* ProviderProtocol */ = {
			isa = PBXGroup;
			children = (
				CE55140D2106632C00B1A6C4 /* ITMessagingProviderProtocol.swift */,
			);
			path = ProviderProtocol;
			sourceTree = "<group>";
		};
		CE55140C2106630800B1A6C4 /* ServiceProtocol */ = {
			isa = PBXGroup;
			children = (
				CE55140F2106633B00B1A6C4 /* ITMessagingServiceProtocol.swift */,
			);
			path = ServiceProtocol;
			sourceTree = "<group>";
		};
		CEC42B6B2105437600EBD862 /* Model */ = {
			isa = PBXGroup;
			children = (
				CE55140A210662E700B1A6C4 /* Provider */,
				CE551409210662E000B1A6C4 /* Service */,
				CEC42B6C2105438300EBD862 /* Message.swift */,
				CE5514172106A56200B1A6C4 /* Chat.swift */,
			);
			path = Model;
			sourceTree = "<group>";
		};
/* End PBXGroup section */

/* Begin PBXNativeTarget section */
		CE2B089C2100E2A9004D7D0B /* IcmpType0 */ = {
			isa = PBXNativeTarget;
			buildConfigurationList = CE2B08BA2100E2AC004D7D0B /* Build configuration list for PBXNativeTarget "IcmpType0" */;
			buildPhases = (
				DE17B1E2378D10E3C8AD73BD /* [CP] Check Pods Manifest.lock */,
				CE2B08992100E2A9004D7D0B /* Sources */,
				CE2B089A2100E2A9004D7D0B /* Frameworks */,
				CE2B089B2100E2A9004D7D0B /* Resources */,
				710BA59110AE5EBB3A16245D /* [CP] Embed Pods Frameworks */,
				042B9D42E87A2E2314139201 /* [CP] Copy Pods Resources */,
			);
			buildRules = (
			);
			dependencies = (
			);
			name = IcmpType0;
			productName = IcmpType0;
			productReference = CE2B089D2100E2A9004D7D0B /* IcmpType0.app */;
			productType = "com.apple.product-type.application";
		};
		CE2B08B02100E2AC004D7D0B /* IcmpType0Tests */ = {
			isa = PBXNativeTarget;
			buildConfigurationList = CE2B08BD2100E2AC004D7D0B /* Build configuration list for PBXNativeTarget "IcmpType0Tests" */;
			buildPhases = (
				CDCEA45B647BA179CA7B3061 /* [CP] Check Pods Manifest.lock */,
				CE2B08AD2100E2AC004D7D0B /* Sources */,
				CE2B08AE2100E2AC004D7D0B /* Frameworks */,
				CE2B08AF2100E2AC004D7D0B /* Resources */,
				B39AA8EFBEA21B0CAD35FDD8 /* [CP] Embed Pods Frameworks */,
				B6FA35DCE32680AB1CD6CE50 /* [CP] Copy Pods Resources */,
			);
			buildRules = (
			);
			dependencies = (
				CE2B08B32100E2AC004D7D0B /* PBXTargetDependency */,
			);
			name = IcmpType0Tests;
			productName = IcmpType0Tests;
			productReference = CE2B08B12100E2AC004D7D0B /* IcmpType0Tests.xctest */;
			productType = "com.apple.product-type.bundle.unit-test";
		};
/* End PBXNativeTarget section */

/* Begin PBXProject section */
		CE2B08952100E2A9004D7D0B /* Project object */ = {
			isa = PBXProject;
			attributes = {
				LastSwiftUpdateCheck = 0940;
				LastUpgradeCheck = 0940;
				ORGANIZATIONNAME = FRisma;
				TargetAttributes = {
					CE2B089C2100E2A9004D7D0B = {
						CreatedOnToolsVersion = 9.4.1;
						LastSwiftMigration = 0940;
					};
					CE2B08B02100E2AC004D7D0B = {
						CreatedOnToolsVersion = 9.4.1;
						TestTargetID = CE2B089C2100E2A9004D7D0B;
					};
				};
			};
			buildConfigurationList = CE2B08982100E2A9004D7D0B /* Build configuration list for PBXProject "IcmpType0" */;
			compatibilityVersion = "Xcode 9.3";
			developmentRegion = en;
			hasScannedForEncodings = 0;
			knownRegions = (
				en,
				Base,
			);
			mainGroup = CE2B08942100E2A9004D7D0B;
			productRefGroup = CE2B089E2100E2A9004D7D0B /* Products */;
			projectDirPath = "";
			projectRoot = "";
			targets = (
				CE2B089C2100E2A9004D7D0B /* IcmpType0 */,
				CE2B08B02100E2AC004D7D0B /* IcmpType0Tests */,
			);
		};
/* End PBXProject section */

/* Begin PBXResourcesBuildPhase section */
		CE2B089B2100E2A9004D7D0B /* Resources */ = {
			isa = PBXResourcesBuildPhase;
			buildActionMask = 2147483647;
			files = (
				CE2B08AB2100E2AC004D7D0B /* LaunchScreen.storyboard in Resources */,
				CE2B08A82100E2AC004D7D0B /* Assets.xcassets in Resources */,
				CE2B08A62100E2A9004D7D0B /* Main.storyboard in Resources */,
			);
			runOnlyForDeploymentPostprocessing = 0;
		};
		CE2B08AF2100E2AC004D7D0B /* Resources */ = {
			isa = PBXResourcesBuildPhase;
			buildActionMask = 2147483647;
			files = (
			);
			runOnlyForDeploymentPostprocessing = 0;
		};
/* End PBXResourcesBuildPhase section */

/* Begin PBXShellScriptBuildPhase section */
		042B9D42E87A2E2314139201 /* [CP] Copy Pods Resources */ = {
			isa = PBXShellScriptBuildPhase;
			buildActionMask = 2147483647;
			files = (
			);
			inputPaths = (
			);
			name = "[CP] Copy Pods Resources";
			outputPaths = (
			);
			runOnlyForDeploymentPostprocessing = 0;
			shellPath = /bin/sh;
			shellScript = "\"${SRCROOT}/Pods/Target Support Files/Pods-IcmpType0/Pods-IcmpType0-resources.sh\"\n";
			showEnvVarsInLog = 0;
		};
		710BA59110AE5EBB3A16245D /* [CP] Embed Pods Frameworks */ = {
			isa = PBXShellScriptBuildPhase;
			buildActionMask = 2147483647;
			files = (
			);
			inputPaths = (
				"${SRCROOT}/Pods/Target Support Files/Pods-IcmpType0/Pods-IcmpType0-frameworks.sh",
				"${BUILT_PRODUCTS_DIR}/SnapKit/SnapKit.framework",
			);
			name = "[CP] Embed Pods Frameworks";
			outputPaths = (
				"${TARGET_BUILD_DIR}/${FRAMEWORKS_FOLDER_PATH}/SnapKit.framework",
			);
			runOnlyForDeploymentPostprocessing = 0;
			shellPath = /bin/sh;
			shellScript = "\"${SRCROOT}/Pods/Target Support Files/Pods-IcmpType0/Pods-IcmpType0-frameworks.sh\"\n";
			showEnvVarsInLog = 0;
		};
		B39AA8EFBEA21B0CAD35FDD8 /* [CP] Embed Pods Frameworks */ = {
			isa = PBXShellScriptBuildPhase;
			buildActionMask = 2147483647;
			files = (
			);
			inputPaths = (
			);
			name = "[CP] Embed Pods Frameworks";
			outputPaths = (
			);
			runOnlyForDeploymentPostprocessing = 0;
			shellPath = /bin/sh;
			shellScript = "\"${SRCROOT}/Pods/Target Support Files/Pods-IcmpType0Tests/Pods-IcmpType0Tests-frameworks.sh\"\n";
			showEnvVarsInLog = 0;
		};
		B6FA35DCE32680AB1CD6CE50 /* [CP] Copy Pods Resources */ = {
			isa = PBXShellScriptBuildPhase;
			buildActionMask = 2147483647;
			files = (
			);
			inputPaths = (
			);
			name = "[CP] Copy Pods Resources";
			outputPaths = (
			);
			runOnlyForDeploymentPostprocessing = 0;
			shellPath = /bin/sh;
			shellScript = "\"${SRCROOT}/Pods/Target Support Files/Pods-IcmpType0Tests/Pods-IcmpType0Tests-resources.sh\"\n";
			showEnvVarsInLog = 0;
		};
		CDCEA45B647BA179CA7B3061 /* [CP] Check Pods Manifest.lock */ = {
			isa = PBXShellScriptBuildPhase;
			buildActionMask = 2147483647;
			files = (
			);
			inputPaths = (
				"${PODS_PODFILE_DIR_PATH}/Podfile.lock",
				"${PODS_ROOT}/Manifest.lock",
			);
			name = "[CP] Check Pods Manifest.lock";
			outputPaths = (
				"$(DERIVED_FILE_DIR)/Pods-IcmpType0Tests-checkManifestLockResult.txt",
			);
			runOnlyForDeploymentPostprocessing = 0;
			shellPath = /bin/sh;
			shellScript = "diff \"${PODS_PODFILE_DIR_PATH}/Podfile.lock\" \"${PODS_ROOT}/Manifest.lock\" > /dev/null\nif [ $? != 0 ] ; then\n    # print error to STDERR\n    echo \"error: The sandbox is not in sync with the Podfile.lock. Run 'pod install' or update your CocoaPods installation.\" >&2\n    exit 1\nfi\n# This output is used by Xcode 'outputs' to avoid re-running this script phase.\necho \"SUCCESS\" > \"${SCRIPT_OUTPUT_FILE_0}\"\n";
			showEnvVarsInLog = 0;
		};
		DE17B1E2378D10E3C8AD73BD /* [CP] Check Pods Manifest.lock */ = {
			isa = PBXShellScriptBuildPhase;
			buildActionMask = 2147483647;
			files = (
			);
			inputPaths = (
				"${PODS_PODFILE_DIR_PATH}/Podfile.lock",
				"${PODS_ROOT}/Manifest.lock",
			);
			name = "[CP] Check Pods Manifest.lock";
			outputPaths = (
				"$(DERIVED_FILE_DIR)/Pods-IcmpType0-checkManifestLockResult.txt",
			);
			runOnlyForDeploymentPostprocessing = 0;
			shellPath = /bin/sh;
			shellScript = "diff \"${PODS_PODFILE_DIR_PATH}/Podfile.lock\" \"${PODS_ROOT}/Manifest.lock\" > /dev/null\nif [ $? != 0 ] ; then\n    # print error to STDERR\n    echo \"error: The sandbox is not in sync with the Podfile.lock. Run 'pod install' or update your CocoaPods installation.\" >&2\n    exit 1\nfi\n# This output is used by Xcode 'outputs' to avoid re-running this script phase.\necho \"SUCCESS\" > \"${SCRIPT_OUTPUT_FILE_0}\"\n";
			showEnvVarsInLog = 0;
		};
/* End PBXShellScriptBuildPhase section */

/* Begin PBXSourcesBuildPhase section */
		CE2B08992100E2A9004D7D0B /* Sources */ = {
			isa = PBXSourcesBuildPhase;
			buildActionMask = 2147483647;
			files = (
				CE5514122106652A00B1A6C4 /* ITMessagingMockProvider.swift in Sources */,
				CEA253BA210A219B008D12BA /* ITNotifications.swift in Sources */,
				CE2B08C72100E346004D7D0B /* ITConversationViewController.swift in Sources */,
				CE5514182106A56200B1A6C4 /* Chat.swift in Sources */,
				CE86E1E02109211F004CC330 /* ITStringAnalyzer.swift in Sources */,
				CE86E1E521092F5B004CC330 /* ITImageDetailsViewController.swift in Sources */,
				CE5514162106946D00B1A6C4 /* ITTextMessageDetailsViewController.swift in Sources */,
				CE5514102106633B00B1A6C4 /* ITMessagingServiceProtocol.swift in Sources */,
				CE5514062106629300B1A6C4 /* ITMessagingService.swift in Sources */,
				CE2B08C52100E32C004D7D0B /* ITLandingMainViewController.swift in Sources */,
				CE2B08D12100E3BC004D7D0B /* ITLandingMainViewPresenter.swift in Sources */,
				CE2B08A12100E2A9004D7D0B /* AppDelegate.swift in Sources */,
				CE55140E2106632C00B1A6C4 /* ITMessagingProviderProtocol.swift in Sources */,
				CE2B08D32100E493004D7D0B /* ITLandingMainViewControllerProtocol.swift in Sources */,
				CE2B08CD2100E392004D7D0B /* ITConversationPresenterProtocol.swift in Sources */,
				CE2B08D82100E4F3004D7D0B /* ITUtils.swift in Sources */,
				CE2B08CF2100E3B0004D7D0B /* ITLandingMainViewPresenterProtocol.swift in Sources */,
				CE2B08D52100E4C6004D7D0B /* ITConversationViewControllerProtocol.swift in Sources */,
				CEC42B6D2105438300EBD862 /* Message.swift in Sources */,
				CE2B08CB2100E37D004D7D0B /* ITConversationPresenter.swift in Sources */,
				CE2B08DA21012AA0004D7D0B /* ITLandingMainTableViewCell.swift in Sources */,
				CE5514142106901500B1A6C4 /* ITWebBrowserViewController.swift in Sources */,
			);
			runOnlyForDeploymentPostprocessing = 0;
		};
		CE2B08AD2100E2AC004D7D0B /* Sources */ = {
			isa = PBXSourcesBuildPhase;
			buildActionMask = 2147483647;
			files = (
				CE2B08B62100E2AC004D7D0B /* IcmpType0Tests.swift in Sources */,
			);
			runOnlyForDeploymentPostprocessing = 0;
		};
/* End PBXSourcesBuildPhase section */

/* Begin PBXTargetDependency section */
		CE2B08B32100E2AC004D7D0B /* PBXTargetDependency */ = {
			isa = PBXTargetDependency;
			target = CE2B089C2100E2A9004D7D0B /* IcmpType0 */;
			targetProxy = CE2B08B22100E2AC004D7D0B /* PBXContainerItemProxy */;
		};
/* End PBXTargetDependency section */

/* Begin PBXVariantGroup section */
		CE2B08A42100E2A9004D7D0B /* Main.storyboard */ = {
			isa = PBXVariantGroup;
			children = (
				CE2B08A52100E2A9004D7D0B /* Base */,
			);
			name = Main.storyboard;
			sourceTree = "<group>";
		};
		CE2B08A92100E2AC004D7D0B /* LaunchScreen.storyboard */ = {
			isa = PBXVariantGroup;
			children = (
				CE2B08AA2100E2AC004D7D0B /* Base */,
			);
			name = LaunchScreen.storyboard;
			sourceTree = "<group>";
		};
/* End PBXVariantGroup section */

/* Begin XCBuildConfiguration section */
		CE2B08B82100E2AC004D7D0B /* Debug */ = {
			isa = XCBuildConfiguration;
			buildSettings = {
				ALWAYS_SEARCH_USER_PATHS = NO;
				CLANG_ANALYZER_NONNULL = YES;
				CLANG_ANALYZER_NUMBER_OBJECT_CONVERSION = YES_AGGRESSIVE;
				CLANG_CXX_LANGUAGE_STANDARD = "gnu++14";
				CLANG_CXX_LIBRARY = "libc++";
				CLANG_ENABLE_MODULES = YES;
				CLANG_ENABLE_OBJC_ARC = YES;
				CLANG_ENABLE_OBJC_WEAK = YES;
				CLANG_WARN_BLOCK_CAPTURE_AUTORELEASING = YES;
				CLANG_WARN_BOOL_CONVERSION = YES;
				CLANG_WARN_COMMA = YES;
				CLANG_WARN_CONSTANT_CONVERSION = YES;
				CLANG_WARN_DEPRECATED_OBJC_IMPLEMENTATIONS = YES;
				CLANG_WARN_DIRECT_OBJC_ISA_USAGE = YES_ERROR;
				CLANG_WARN_DOCUMENTATION_COMMENTS = YES;
				CLANG_WARN_EMPTY_BODY = YES;
				CLANG_WARN_ENUM_CONVERSION = YES;
				CLANG_WARN_INFINITE_RECURSION = YES;
				CLANG_WARN_INT_CONVERSION = YES;
				CLANG_WARN_NON_LITERAL_NULL_CONVERSION = YES;
				CLANG_WARN_OBJC_IMPLICIT_RETAIN_SELF = YES;
				CLANG_WARN_OBJC_LITERAL_CONVERSION = YES;
				CLANG_WARN_OBJC_ROOT_CLASS = YES_ERROR;
				CLANG_WARN_RANGE_LOOP_ANALYSIS = YES;
				CLANG_WARN_STRICT_PROTOTYPES = YES;
				CLANG_WARN_SUSPICIOUS_MOVE = YES;
				CLANG_WARN_UNGUARDED_AVAILABILITY = YES_AGGRESSIVE;
				CLANG_WARN_UNREACHABLE_CODE = YES;
				CLANG_WARN__DUPLICATE_METHOD_MATCH = YES;
				CODE_SIGN_IDENTITY = "iPhone Developer";
				COPY_PHASE_STRIP = NO;
				DEBUG_INFORMATION_FORMAT = dwarf;
				ENABLE_STRICT_OBJC_MSGSEND = YES;
				ENABLE_TESTABILITY = YES;
				GCC_C_LANGUAGE_STANDARD = gnu11;
				GCC_DYNAMIC_NO_PIC = NO;
				GCC_NO_COMMON_BLOCKS = YES;
				GCC_OPTIMIZATION_LEVEL = 0;
				GCC_PREPROCESSOR_DEFINITIONS = (
					"DEBUG=1",
					"$(inherited)",
				);
				GCC_WARN_64_TO_32_BIT_CONVERSION = YES;
				GCC_WARN_ABOUT_RETURN_TYPE = YES_ERROR;
				GCC_WARN_UNDECLARED_SELECTOR = YES;
				GCC_WARN_UNINITIALIZED_AUTOS = YES_AGGRESSIVE;
				GCC_WARN_UNUSED_FUNCTION = YES;
				GCC_WARN_UNUSED_VARIABLE = YES;
				IPHONEOS_DEPLOYMENT_TARGET = 11.4;
				MTL_ENABLE_DEBUG_INFO = YES;
				ONLY_ACTIVE_ARCH = YES;
				SDKROOT = iphoneos;
				SWIFT_ACTIVE_COMPILATION_CONDITIONS = DEBUG;
				SWIFT_OPTIMIZATION_LEVEL = "-Onone";
			};
			name = Debug;
		};
		CE2B08B92100E2AC004D7D0B /* Release */ = {
			isa = XCBuildConfiguration;
			buildSettings = {
				ALWAYS_SEARCH_USER_PATHS = NO;
				CLANG_ANALYZER_NONNULL = YES;
				CLANG_ANALYZER_NUMBER_OBJECT_CONVERSION = YES_AGGRESSIVE;
				CLANG_CXX_LANGUAGE_STANDARD = "gnu++14";
				CLANG_CXX_LIBRARY = "libc++";
				CLANG_ENABLE_MODULES = YES;
				CLANG_ENABLE_OBJC_ARC = YES;
				CLANG_ENABLE_OBJC_WEAK = YES;
				CLANG_WARN_BLOCK_CAPTURE_AUTORELEASING = YES;
				CLANG_WARN_BOOL_CONVERSION = YES;
				CLANG_WARN_COMMA = YES;
				CLANG_WARN_CONSTANT_CONVERSION = YES;
				CLANG_WARN_DEPRECATED_OBJC_IMPLEMENTATIONS = YES;
				CLANG_WARN_DIRECT_OBJC_ISA_USAGE = YES_ERROR;
				CLANG_WARN_DOCUMENTATION_COMMENTS = YES;
				CLANG_WARN_EMPTY_BODY = YES;
				CLANG_WARN_ENUM_CONVERSION = YES;
				CLANG_WARN_INFINITE_RECURSION = YES;
				CLANG_WARN_INT_CONVERSION = YES;
				CLANG_WARN_NON_LITERAL_NULL_CONVERSION = YES;
				CLANG_WARN_OBJC_IMPLICIT_RETAIN_SELF = YES;
				CLANG_WARN_OBJC_LITERAL_CONVERSION = YES;
				CLANG_WARN_OBJC_ROOT_CLASS = YES_ERROR;
				CLANG_WARN_RANGE_LOOP_ANALYSIS = YES;
				CLANG_WARN_STRICT_PROTOTYPES = YES;
				CLANG_WARN_SUSPICIOUS_MOVE = YES;
				CLANG_WARN_UNGUARDED_AVAILABILITY = YES_AGGRESSIVE;
				CLANG_WARN_UNREACHABLE_CODE = YES;
				CLANG_WARN__DUPLICATE_METHOD_MATCH = YES;
				CODE_SIGN_IDENTITY = "iPhone Developer";
				COPY_PHASE_STRIP = NO;
				DEBUG_INFORMATION_FORMAT = "dwarf-with-dsym";
				ENABLE_NS_ASSERTIONS = NO;
				ENABLE_STRICT_OBJC_MSGSEND = YES;
				GCC_C_LANGUAGE_STANDARD = gnu11;
				GCC_NO_COMMON_BLOCKS = YES;
				GCC_WARN_64_TO_32_BIT_CONVERSION = YES;
				GCC_WARN_ABOUT_RETURN_TYPE = YES_ERROR;
				GCC_WARN_UNDECLARED_SELECTOR = YES;
				GCC_WARN_UNINITIALIZED_AUTOS = YES_AGGRESSIVE;
				GCC_WARN_UNUSED_FUNCTION = YES;
				GCC_WARN_UNUSED_VARIABLE = YES;
				IPHONEOS_DEPLOYMENT_TARGET = 11.4;
				MTL_ENABLE_DEBUG_INFO = NO;
				SDKROOT = iphoneos;
				SWIFT_COMPILATION_MODE = wholemodule;
				SWIFT_OPTIMIZATION_LEVEL = "-O";
				VALIDATE_PRODUCT = YES;
			};
			name = Release;
		};
		CE2B08BB2100E2AC004D7D0B /* Debug */ = {
			isa = XCBuildConfiguration;
			baseConfigurationReference = 9F9C1AEFD3700C2458CAF5E9 /* Pods-IcmpType0.debug.xcconfig */;
			buildSettings = {
				ASSETCATALOG_COMPILER_APPICON_NAME = AppIcon;
				CLANG_ENABLE_MODULES = YES;
				CODE_SIGN_STYLE = Automatic;
				DEVELOPMENT_TEAM = X3NTASB9PV;
				INFOPLIST_FILE = "$(SRCROOT)/IcmpType0/Supporting Files/Info.plist";
				IPHONEOS_DEPLOYMENT_TARGET = 11.0;
				LD_RUNPATH_SEARCH_PATHS = (
					"$(inherited)",
					"@executable_path/Frameworks",
				);
				PRODUCT_BUNDLE_IDENTIFIER = com.frisma.IcmpType0;
				PRODUCT_NAME = "$(TARGET_NAME)";
				SWIFT_OPTIMIZATION_LEVEL = "-Onone";
				SWIFT_VERSION = 4.0;
				TARGETED_DEVICE_FAMILY = 1;
			};
			name = Debug;
		};
		CE2B08BC2100E2AC004D7D0B /* Release */ = {
			isa = XCBuildConfiguration;
			baseConfigurationReference = 32A8CB93C37C23C514F8A88E /* Pods-IcmpType0.release.xcconfig */;
			buildSettings = {
				ASSETCATALOG_COMPILER_APPICON_NAME = AppIcon;
				CLANG_ENABLE_MODULES = YES;
				CODE_SIGN_STYLE = Automatic;
				DEVELOPMENT_TEAM = X3NTASB9PV;
				INFOPLIST_FILE = "$(SRCROOT)/IcmpType0/Supporting Files/Info.plist";
				IPHONEOS_DEPLOYMENT_TARGET = 11.0;
				LD_RUNPATH_SEARCH_PATHS = (
					"$(inherited)",
					"@executable_path/Frameworks",
				);
				PRODUCT_BUNDLE_IDENTIFIER = com.frisma.IcmpType0;
				PRODUCT_NAME = "$(TARGET_NAME)";
				SWIFT_VERSION = 4.0;
				TARGETED_DEVICE_FAMILY = 1;
			};
			name = Release;
		};
		CE2B08BE2100E2AC004D7D0B /* Debug */ = {
			isa = XCBuildConfiguration;
			baseConfigurationReference = 3786BD8F8A455D981E886938 /* Pods-IcmpType0Tests.debug.xcconfig */;
			buildSettings = {
				ALWAYS_EMBED_SWIFT_STANDARD_LIBRARIES = YES;
				BUNDLE_LOADER = "$(TEST_HOST)";
				CODE_SIGN_STYLE = Automatic;
				DEVELOPMENT_TEAM = QY797FB22P;
				INFOPLIST_FILE = IcmpType0Tests/Info.plist;
				LD_RUNPATH_SEARCH_PATHS = (
					"$(inherited)",
					"@executable_path/Frameworks",
					"@loader_path/Frameworks",
				);
				PRODUCT_BUNDLE_IDENTIFIER = com.frisma.IcmpType0Tests;
				PRODUCT_NAME = "$(TARGET_NAME)";
				SWIFT_VERSION = 4.0;
				TARGETED_DEVICE_FAMILY = "1,2";
				TEST_HOST = "$(BUILT_PRODUCTS_DIR)/IcmpType0.app/IcmpType0";
			};
			name = Debug;
		};
		CE2B08BF2100E2AC004D7D0B /* Release */ = {
			isa = XCBuildConfiguration;
			baseConfigurationReference = 5C2F5FEB9C0FB4A04ABC9ECD /* Pods-IcmpType0Tests.release.xcconfig */;
			buildSettings = {
				ALWAYS_EMBED_SWIFT_STANDARD_LIBRARIES = YES;
				BUNDLE_LOADER = "$(TEST_HOST)";
				CODE_SIGN_STYLE = Automatic;
				DEVELOPMENT_TEAM = QY797FB22P;
				INFOPLIST_FILE = IcmpType0Tests/Info.plist;
				LD_RUNPATH_SEARCH_PATHS = (
					"$(inherited)",
					"@executable_path/Frameworks",
					"@loader_path/Frameworks",
				);
				PRODUCT_BUNDLE_IDENTIFIER = com.frisma.IcmpType0Tests;
				PRODUCT_NAME = "$(TARGET_NAME)";
				SWIFT_VERSION = 4.0;
				TARGETED_DEVICE_FAMILY = "1,2";
				TEST_HOST = "$(BUILT_PRODUCTS_DIR)/IcmpType0.app/IcmpType0";
			};
			name = Release;
		};
/* End XCBuildConfiguration section */

/* Begin XCConfigurationList section */
		CE2B08982100E2A9004D7D0B /* Build configuration list for PBXProject "IcmpType0" */ = {
			isa = XCConfigurationList;
			buildConfigurations = (
				CE2B08B82100E2AC004D7D0B /* Debug */,
				CE2B08B92100E2AC004D7D0B /* Release */,
			);
			defaultConfigurationIsVisible = 0;
			defaultConfigurationName = Release;
		};
		CE2B08BA2100E2AC004D7D0B /* Build configuration list for PBXNativeTarget "IcmpType0" */ = {
			isa = XCConfigurationList;
			buildConfigurations = (
				CE2B08BB2100E2AC004D7D0B /* Debug */,
				CE2B08BC2100E2AC004D7D0B /* Release */,
			);
			defaultConfigurationIsVisible = 0;
			defaultConfigurationName = Release;
		};
		CE2B08BD2100E2AC004D7D0B /* Build configuration list for PBXNativeTarget "IcmpType0Tests" */ = {
			isa = XCConfigurationList;
			buildConfigurations = (
				CE2B08BE2100E2AC004D7D0B /* Debug */,
				CE2B08BF2100E2AC004D7D0B /* Release */,
			);
			defaultConfigurationIsVisible = 0;
			defaultConfigurationName = Release;
		};
/* End XCConfigurationList section */
	};
	rootObject = CE2B08952100E2A9004D7D0B /* Project object */;
}
